
Microsoft Visual Studio Solution File, Format Version 12.00
# Visual Studio Version 17
VisualStudioVersion = 17.3.32922.545
MinimumVisualStudioVersion = 10.0.40219.1
Project("{8BC9CEB8-8B4A-11D0-8D11-00A0C91BC942}") = "Lesson 1-3", "Lesson 1-3.vcxproj", "{F194DFC0-7552-490A-A980-734FEBE9C031}"
EndProject
Global
	GlobalSection(SolutionConfigurationPlatforms) = preSolution
		Debug|x64 = Debug|x64
		Debug|x86 = Debug|x86
		Release|x64 = Release|x64
		Release|x86 = Release|x86
	EndGlobalSection
	GlobalSection(ProjectConfigurationPlatforms) = postSolution
		{F194DFC0-7552-490A-A980-734FEBE9C031}.Debug|x64.ActiveCfg = Debug|x64
		{F194DFC0-7552-490A-A980-734FEBE9C031}.Debug|x64.Build.0 = Debug|x64
		{F194DFC0-7552-490A-A980-734FEBE9C031}.Debug|x86.ActiveCfg = Debug|Win32
		{F194DFC0-7552-490A-A980-734FEBE9C031}.Debug|x86.Build.0 = Debug|Win32
		{F194DFC0-7552-490A-A980-734FEBE9C031}.Release|x64.ActiveCfg = Release|x64
		{F194DFC0-7552-490A-A980-734FEBE9C031}.Release|x64.Build.0 = Release|x64
		{F194DFC0-7552-490A-A980-734FEBE9C031}.Release|x86.ActiveCfg = Release|Win32
		{F194DFC0-7552-490A-A980-734FEBE9C031}.Release|x86.Build.0 = Release|Win32
	EndGlobalSection
	GlobalSection(SolutionProperties) = preSolution
		HideSolutionNode = FALSE
	EndGlobalSection
	GlobalSection(ExtensibilityGlobals) = postSolution
		SolutionGuid = {97E3135D-3C23-4ABB-B8A3-9F162A97CC72}
	EndGlobalSection
EndGlobal
